// !$*UTF8*$!
{
	archiveVersion = 1;
	classes = {
	};
	objectVersion = 55;
	objects = {

/* Begin PBXBuildFile section */
		52009B512879FFEB003FAC21 /* XmlParserDelegate.swift in Sources */ = {isa = PBXBuildFile; fileRef = 52009B502879FFEB003FAC21 /* XmlParserDelegate.swift */; };
		52009B53287A0A2E003FAC21 /* SequenceDto.swift in Sources */ = {isa = PBXBuildFile; fileRef = 52009B52287A0A2E003FAC21 /* SequenceDto.swift */; };
		52009B56287A0F4F003FAC21 /* StringExtensions.swift in Sources */ = {isa = PBXBuildFile; fileRef = 52009B55287A0F4F003FAC21 /* StringExtensions.swift */; };
		520F3E16287ACCC600C250DC /* XmlTags.swift in Sources */ = {isa = PBXBuildFile; fileRef = 520F3E15287ACCC600C250DC /* XmlTags.swift */; };
		520F3E18287ACDC900C250DC /* XmlAttributes.swift in Sources */ = {isa = PBXBuildFile; fileRef = 520F3E17287ACDC900C250DC /* XmlAttributes.swift */; };
		520F3E1A287AD4E100C250DC /* TimeSequence.swift in Sources */ = {isa = PBXBuildFile; fileRef = 520F3E19287AD4E100C250DC /* TimeSequence.swift */; };
		520F3E1C287AD56100C250DC /* SignalSequence.swift in Sources */ = {isa = PBXBuildFile; fileRef = 520F3E1B287AD56100C250DC /* SignalSequence.swift */; };
		520F3E1E287AE1A400C250DC /* ChartData.swift in Sources */ = {isa = PBXBuildFile; fileRef = 520F3E1D287AE1A400C250DC /* ChartData.swift */; };
		521B37CE28794F62003FEA81 /* hl7aecg2octaveApp.swift in Sources */ = {isa = PBXBuildFile; fileRef = 521B37CD28794F62003FEA81 /* hl7aecg2octaveApp.swift */; };
		521B37D028794F62003FEA81 /* ContentView.swift in Sources */ = {isa = PBXBuildFile; fileRef = 521B37CF28794F62003FEA81 /* ContentView.swift */; };
		521B37D228794F64003FEA81 /* Assets.xcassets in Resources */ = {isa = PBXBuildFile; fileRef = 521B37D128794F64003FEA81 /* Assets.xcassets */; };
		521B37D528794F64003FEA81 /* Preview Assets.xcassets in Resources */ = {isa = PBXBuildFile; fileRef = 521B37D428794F64003FEA81 /* Preview Assets.xcassets */; };
		5275274C28796062004476BB /* ContentViewModel.swift in Sources */ = {isa = PBXBuildFile; fileRef = 5275274B28796062004476BB /* ContentViewModel.swift */; };
/* End PBXBuildFile section */

/* Begin PBXFileReference section */
		52009B502879FFEB003FAC21 /* XmlParserDelegate.swift */ = {isa = PBXFileReference; lastKnownFileType = sourcecode.swift; path = XmlParserDelegate.swift; sourceTree = "<group>"; };
		52009B52287A0A2E003FAC21 /* SequenceDto.swift */ = {isa = PBXFileReference; lastKnownFileType = sourcecode.swift; path = SequenceDto.swift; sourceTree = "<group>"; };
		52009B55287A0F4F003FAC21 /* StringExtensions.swift */ = {isa = PBXFileReference; lastKnownFileType = sourcecode.swift; path = StringExtensions.swift; sourceTree = "<group>"; };
		520F3E15287ACCC600C250DC /* XmlTags.swift */ = {isa = PBXFileReference; lastKnownFileType = sourcecode.swift; path = XmlTags.swift; sourceTree = "<group>"; };
		520F3E17287ACDC900C250DC /* XmlAttributes.swift */ = {isa = PBXFileReference; lastKnownFileType = sourcecode.swift; path = XmlAttributes.swift; sourceTree = "<group>"; };
		520F3E19287AD4E100C250DC /* TimeSequence.swift */ = {isa = PBXFileReference; lastKnownFileType = sourcecode.swift; path = TimeSequence.swift; sourceTree = "<group>"; };
		520F3E1B287AD56100C250DC /* SignalSequence.swift */ = {isa = PBXFileReference; lastKnownFileType = sourcecode.swift; path = SignalSequence.swift; sourceTree = "<group>"; };
		520F3E1D287AE1A400C250DC /* ChartData.swift */ = {isa = PBXFileReference; lastKnownFileType = sourcecode.swift; path = ChartData.swift; sourceTree = "<group>"; };
		521B37CA28794F62003FEA81 /* hl7aecg2octave.app */ = {isa = PBXFileReference; explicitFileType = wrapper.application; includeInIndex = 0; path = hl7aecg2octave.app; sourceTree = BUILT_PRODUCTS_DIR; };
		521B37CD28794F62003FEA81 /* hl7aecg2octaveApp.swift */ = {isa = PBXFileReference; lastKnownFileType = sourcecode.swift; path = hl7aecg2octaveApp.swift; sourceTree = "<group>"; };
		521B37CF28794F62003FEA81 /* ContentView.swift */ = {isa = PBXFileReference; lastKnownFileType = sourcecode.swift; path = ContentView.swift; sourceTree = "<group>"; };
		521B37D128794F64003FEA81 /* Assets.xcassets */ = {isa = PBXFileReference; lastKnownFileType = folder.assetcatalog; path = Assets.xcassets; sourceTree = "<group>"; };
		521B37D428794F64003FEA81 /* Preview Assets.xcassets */ = {isa = PBXFileReference; lastKnownFileType = folder.assetcatalog; path = "Preview Assets.xcassets"; sourceTree = "<group>"; };
		521B37D628794F64003FEA81 /* hl7aecg2octave.entitlements */ = {isa = PBXFileReference; lastKnownFileType = text.plist.entitlements; path = hl7aecg2octave.entitlements; sourceTree = "<group>"; };
		5275274B28796062004476BB /* ContentViewModel.swift */ = {isa = PBXFileReference; lastKnownFileType = sourcecode.swift; path = ContentViewModel.swift; sourceTree = "<group>"; };
/* End PBXFileReference section */

/* Begin PBXFrameworksBuildPhase section */
		521B37C728794F62003FEA81 /* Frameworks */ = {
			isa = PBXFrameworksBuildPhase;
			buildActionMask = 2147483647;
			files = (
			);
			runOnlyForDeploymentPostprocessing = 0;
		};
/* End PBXFrameworksBuildPhase section */

/* Begin PBXGroup section */
		52009B4F2879FF93003FAC21 /* Services */ = {
			isa = PBXGroup;
			children = (
				52009B502879FFEB003FAC21 /* XmlParserDelegate.swift */,
			);
			path = Services;
			sourceTree = "<group>";
		};
		52009B54287A0F38003FAC21 /* Extensions */ = {
			isa = PBXGroup;
			children = (
				52009B55287A0F4F003FAC21 /* StringExtensions.swift */,
			);
			path = Extensions;
			sourceTree = "<group>";
		};
		520F3E14287ACCAA00C250DC /* Constants */ = {
			isa = PBXGroup;
			children = (
				520F3E15287ACCC600C250DC /* XmlTags.swift */,
				520F3E17287ACDC900C250DC /* XmlAttributes.swift */,
			);
			path = Constants;
			sourceTree = "<group>";
		};
		521B37C128794F62003FEA81 = {
			isa = PBXGroup;
			children = (
				521B37CC28794F62003FEA81 /* hl7aecg2octave */,
				521B37CB28794F62003FEA81 /* Products */,
			);
			sourceTree = "<group>";
		};
		521B37CB28794F62003FEA81 /* Products */ = {
			isa = PBXGroup;
			children = (
				521B37CA28794F62003FEA81 /* hl7aecg2octave.app */,
			);
			name = Products;
			sourceTree = "<group>";
		};
		521B37CC28794F62003FEA81 /* hl7aecg2octave */ = {
			isa = PBXGroup;
			children = (
				520F3E14287ACCAA00C250DC /* Constants */,
				52009B54287A0F38003FAC21 /* Extensions */,
				52009B4F2879FF93003FAC21 /* Services */,
				521B37DE28795D24003FEA81 /* Models */,
				521B37DD28795D07003FEA81 /* ViewModels */,
				521B37DC28795CFC003FEA81 /* Views */,
				521B37CD28794F62003FEA81 /* hl7aecg2octaveApp.swift */,
				521B37D128794F64003FEA81 /* Assets.xcassets */,
				521B37D628794F64003FEA81 /* hl7aecg2octave.entitlements */,
				521B37D328794F64003FEA81 /* Preview Content */,
			);
			path = hl7aecg2octave;
			sourceTree = "<group>";
		};
		521B37D328794F64003FEA81 /* Preview Content */ = {
			isa = PBXGroup;
			children = (
				521B37D428794F64003FEA81 /* Preview Assets.xcassets */,
			);
			path = "Preview Content";
			sourceTree = "<group>";
		};
		521B37DC28795CFC003FEA81 /* Views */ = {
			isa = PBXGroup;
			children = (
				521B37CF28794F62003FEA81 /* ContentView.swift */,
			);
			path = Views;
			sourceTree = "<group>";
		};
		521B37DD28795D07003FEA81 /* ViewModels */ = {
			isa = PBXGroup;
			children = (
				5275274B28796062004476BB /* ContentViewModel.swift */,
			);
			path = ViewModels;
			sourceTree = "<group>";
		};
		521B37DE28795D24003FEA81 /* Models */ = {
			isa = PBXGroup;
			children = (
				52009B52287A0A2E003FAC21 /* SequenceDto.swift */,
				520F3E19287AD4E100C250DC /* TimeSequence.swift */,
				520F3E1B287AD56100C250DC /* SignalSequence.swift */,
				520F3E1D287AE1A400C250DC /* ChartData.swift */,
			);
			path = Models;
			sourceTree = "<group>";
		};
/* End PBXGroup section */

/* Begin PBXNativeTarget section */
		521B37C928794F62003FEA81 /* hl7aecg2octave */ = {
			isa = PBXNativeTarget;
			buildConfigurationList = 521B37D928794F64003FEA81 /* Build configuration list for PBXNativeTarget "hl7aecg2octave" */;
			buildPhases = (
				521B37C628794F62003FEA81 /* Sources */,
				521B37C728794F62003FEA81 /* Frameworks */,
				521B37C828794F62003FEA81 /* Resources */,
			);
			buildRules = (
			);
			dependencies = (
			);
			name = hl7aecg2octave;
			productName = hl7aecg2octave;
			productReference = 521B37CA28794F62003FEA81 /* hl7aecg2octave.app */;
			productType = "com.apple.product-type.application";
		};
/* End PBXNativeTarget section */

/* Begin PBXProject section */
		521B37C228794F62003FEA81 /* Project object */ = {
			isa = PBXProject;
			attributes = {
				BuildIndependentTargetsInParallel = 1;
				LastSwiftUpdateCheck = 1340;
				LastUpgradeCheck = 1340;
				TargetAttributes = {
					521B37C928794F62003FEA81 = {
						CreatedOnToolsVersion = 13.4.1;
					};
				};
			};
			buildConfigurationList = 521B37C528794F62003FEA81 /* Build configuration list for PBXProject "hl7aecg2octave" */;
			compatibilityVersion = "Xcode 13.0";
			developmentRegion = en;
			hasScannedForEncodings = 0;
			knownRegions = (
				en,
				Base,
			);
			mainGroup = 521B37C128794F62003FEA81;
			productRefGroup = 521B37CB28794F62003FEA81 /* Products */;
			projectDirPath = "";
			projectRoot = "";
			targets = (
				521B37C928794F62003FEA81 /* hl7aecg2octave */,
			);
		};
/* End PBXProject section */

/* Begin PBXResourcesBuildPhase section */
		521B37C828794F62003FEA81 /* Resources */ = {
			isa = PBXResourcesBuildPhase;
			buildActionMask = 2147483647;
			files = (
				521B37D528794F64003FEA81 /* Preview Assets.xcassets in Resources */,
				521B37D228794F64003FEA81 /* Assets.xcassets in Resources */,
			);
			runOnlyForDeploymentPostprocessing = 0;
		};
/* End PBXResourcesBuildPhase section */

/* Begin PBXSourcesBuildPhase section */
		521B37C628794F62003FEA81 /* Sources */ = {
			isa = PBXSourcesBuildPhase;
			buildActionMask = 2147483647;
			files = (
				52009B56287A0F4F003FAC21 /* StringExtensions.swift in Sources */,
				520F3E16287ACCC600C250DC /* XmlTags.swift in Sources */,
				521B37D028794F62003FEA81 /* ContentView.swift in Sources */,
				52009B53287A0A2E003FAC21 /* SequenceDto.swift in Sources */,
				520F3E1C287AD56100C250DC /* SignalSequence.swift in Sources */,
				52009B512879FFEB003FAC21 /* XmlParserDelegate.swift in Sources */,
				521B37CE28794F62003FEA81 /* hl7aecg2octaveApp.swift in Sources */,
				520F3E18287ACDC900C250DC /* XmlAttributes.swift in Sources */,
				5275274C28796062004476BB /* ContentViewModel.swift in Sources */,
				520F3E1E287AE1A400C250DC /* ChartData.swift in Sources */,
				520F3E1A287AD4E100C250DC /* TimeSequence.swift in Sources */,
			);
			runOnlyForDeploymentPostprocessing = 0;
		};
/* End PBXSourcesBuildPhase section */

/* Begin XCBuildConfiguration section */
		521B37D728794F64003FEA81 /* Debug */ = {
			isa = XCBuildConfiguration;
			buildSettings = {
				ALWAYS_SEARCH_USER_PATHS = NO;
				CLANG_ANALYZER_NONNULL = YES;
				CLANG_ANALYZER_NUMBER_OBJECT_CONVERSION = YES_AGGRESSIVE;
				CLANG_CXX_LANGUAGE_STANDARD = "gnu++17";
				CLANG_ENABLE_MODULES = YES;
				CLANG_ENABLE_OBJC_ARC = YES;
				CLANG_ENABLE_OBJC_WEAK = YES;
				CLANG_WARN_BLOCK_CAPTURE_AUTORELEASING = YES;
				CLANG_WARN_BOOL_CONVERSION = YES;
				CLANG_WARN_COMMA = YES;
				CLANG_WARN_CONSTANT_CONVERSION = YES;
				CLANG_WARN_DEPRECATED_OBJC_IMPLEMENTATIONS = YES;
				CLANG_WARN_DIRECT_OBJC_ISA_USAGE = YES_ERROR;
				CLANG_WARN_DOCUMENTATION_COMMENTS = YES;
				CLANG_WARN_EMPTY_BODY = YES;
				CLANG_WARN_ENUM_CONVERSION = YES;
				CLANG_WARN_INFINITE_RECURSION = YES;
				CLANG_WARN_INT_CONVERSION = YES;
				CLANG_WARN_NON_LITERAL_NULL_CONVERSION = YES;
				CLANG_WARN_OBJC_IMPLICIT_RETAIN_SELF = YES;
				CLANG_WARN_OBJC_LITERAL_CONVERSION = YES;
				CLANG_WARN_OBJC_ROOT_CLASS = YES_ERROR;
				CLANG_WARN_QUOTED_INCLUDE_IN_FRAMEWORK_HEADER = YES;
				CLANG_WARN_RANGE_LOOP_ANALYSIS = YES;
				CLANG_WARN_STRICT_PROTOTYPES = YES;
				CLANG_WARN_SUSPICIOUS_MOVE = YES;
				CLANG_WARN_UNGUARDED_AVAILABILITY = YES_AGGRESSIVE;
				CLANG_WARN_UNREACHABLE_CODE = YES;
				CLANG_WARN__DUPLICATE_METHOD_MATCH = YES;
				COPY_PHASE_STRIP = NO;
				DEBUG_INFORMATION_FORMAT = dwarf;
				ENABLE_STRICT_OBJC_MSGSEND = YES;
				ENABLE_TESTABILITY = YES;
				GCC_C_LANGUAGE_STANDARD = gnu11;
				GCC_DYNAMIC_NO_PIC = NO;
				GCC_NO_COMMON_BLOCKS = YES;
				GCC_OPTIMIZATION_LEVEL = 0;
				GCC_PREPROCESSOR_DEFINITIONS = (
					"DEBUG=1",
					"$(inherited)",
				);
				GCC_WARN_64_TO_32_BIT_CONVERSION = YES;
				GCC_WARN_ABOUT_RETURN_TYPE = YES_ERROR;
				GCC_WARN_UNDECLARED_SELECTOR = YES;
				GCC_WARN_UNINITIALIZED_AUTOS = YES_AGGRESSIVE;
				GCC_WARN_UNUSED_FUNCTION = YES;
				GCC_WARN_UNUSED_VARIABLE = YES;
				MACOSX_DEPLOYMENT_TARGET = 12.2;
				MTL_ENABLE_DEBUG_INFO = INCLUDE_SOURCE;
				MTL_FAST_MATH = YES;
				ONLY_ACTIVE_ARCH = YES;
				SDKROOT = macosx;
				SWIFT_ACTIVE_COMPILATION_CONDITIONS = DEBUG;
				SWIFT_OPTIMIZATION_LEVEL = "-Onone";
			};
			name = Debug;
		};
		521B37D828794F64003FEA81 /* Release */ = {
			isa = XCBuildConfiguration;
			buildSettings = {
				ALWAYS_SEARCH_USER_PATHS = NO;
				CLANG_ANALYZER_NONNULL = YES;
				CLANG_ANALYZER_NUMBER_OBJECT_CONVERSION = YES_AGGRESSIVE;
				CLANG_CXX_LANGUAGE_STANDARD = "gnu++17";
				CLANG_ENABLE_MODULES = YES;
				CLANG_ENABLE_OBJC_ARC = YES;
				CLANG_ENABLE_OBJC_WEAK = YES;
				CLANG_WARN_BLOCK_CAPTURE_AUTORELEASING = YES;
				CLANG_WARN_BOOL_CONVERSION = YES;
				CLANG_WARN_COMMA = YES;
				CLANG_WARN_CONSTANT_CONVERSION = YES;
				CLANG_WARN_DEPRECATED_OBJC_IMPLEMENTATIONS = YES;
				CLANG_WARN_DIRECT_OBJC_ISA_USAGE = YES_ERROR;
				CLANG_WARN_DOCUMENTATION_COMMENTS = YES;
				CLANG_WARN_EMPTY_BODY = YES;
				CLANG_WARN_ENUM_CONVERSION = YES;
				CLANG_WARN_INFINITE_RECURSION = YES;
				CLANG_WARN_INT_CONVERSION = YES;
				CLANG_WARN_NON_LITERAL_NULL_CONVERSION = YES;
				CLANG_WARN_OBJC_IMPLICIT_RETAIN_SELF = YES;
				CLANG_WARN_OBJC_LITERAL_CONVERSION = YES;
				CLANG_WARN_OBJC_ROOT_CLASS = YES_ERROR;
				CLANG_WARN_QUOTED_INCLUDE_IN_FRAMEWORK_HEADER = YES;
				CLANG_WARN_RANGE_LOOP_ANALYSIS = YES;
				CLANG_WARN_STRICT_PROTOTYPES = YES;
				CLANG_WARN_SUSPICIOUS_MOVE = YES;
				CLANG_WARN_UNGUARDED_AVAILABILITY = YES_AGGRESSIVE;
				CLANG_WARN_UNREACHABLE_CODE = YES;
				CLANG_WARN__DUPLICATE_METHOD_MATCH = YES;
				COPY_PHASE_STRIP = NO;
				DEBUG_INFORMATION_FORMAT = "dwarf-with-dsym";
				ENABLE_NS_ASSERTIONS = NO;
				ENABLE_STRICT_OBJC_MSGSEND = YES;
				GCC_C_LANGUAGE_STANDARD = gnu11;
				GCC_NO_COMMON_BLOCKS = YES;
				GCC_WARN_64_TO_32_BIT_CONVERSION = YES;
				GCC_WARN_ABOUT_RETURN_TYPE = YES_ERROR;
				GCC_WARN_UNDECLARED_SELECTOR = YES;
				GCC_WARN_UNINITIALIZED_AUTOS = YES_AGGRESSIVE;
				GCC_WARN_UNUSED_FUNCTION = YES;
				GCC_WARN_UNUSED_VARIABLE = YES;
				MACOSX_DEPLOYMENT_TARGET = 12.2;
				MTL_ENABLE_DEBUG_INFO = NO;
				MTL_FAST_MATH = YES;
				SDKROOT = macosx;
				SWIFT_COMPILATION_MODE = wholemodule;
				SWIFT_OPTIMIZATION_LEVEL = "-O";
			};
			name = Release;
		};
		521B37DA28794F64003FEA81 /* Debug */ = {
			isa = XCBuildConfiguration;
			buildSettings = {
				ASSETCATALOG_COMPILER_APPICON_NAME = AppIcon;
				ASSETCATALOG_COMPILER_GLOBAL_ACCENT_COLOR_NAME = AccentColor;
				CODE_SIGN_STYLE = Automatic;
				COMBINE_HIDPI_IMAGES = YES;
				CURRENT_PROJECT_VERSION = 1;
				DEVELOPMENT_ASSET_PATHS = "\"hl7aecg2octave/Preview Content\"";
				DEVELOPMENT_TEAM = G43DFT3JKB;
				ENABLE_HARDENED_RUNTIME = YES;
				ENABLE_PREVIEWS = YES;
				GENERATE_INFOPLIST_FILE = YES;
				INFOPLIST_KEY_NSHumanReadableCopyright = "";
				LD_RUNPATH_SEARCH_PATHS = (
					"$(inherited)",
					"@executable_path/../Frameworks",
				);
				MARKETING_VERSION = 1.0;
				PRODUCT_BUNDLE_IDENTIFIER = com.jueggs.hl7aecg2octave;
				PRODUCT_NAME = "$(TARGET_NAME)";
				SWIFT_EMIT_LOC_STRINGS = YES;
				SWIFT_VERSION = 5.0;
			};
			name = Debug;
		};
		521B37DB28794F64003FEA81 /* Release */ = {
			isa = XCBuildConfiguration;
			buildSettings = {
				ASSETCATALOG_COMPILER_APPICON_NAME = AppIcon;
				ASSETCATALOG_COMPILER_GLOBAL_ACCENT_COLOR_NAME = AccentColor;
				CODE_SIGN_ENTITLEMENTS = hl7aecg2octave/hl7aecg2octave.entitlements;
				CODE_SIGN_STYLE = Automatic;
				COMBINE_HIDPI_IMAGES = YES;
				CURRENT_PROJECT_VERSION = 1;
				DEVELOPMENT_ASSET_PATHS = "\"hl7aecg2octave/Preview Content\"";
				DEVELOPMENT_TEAM = G43DFT3JKB;
				ENABLE_HARDENED_RUNTIME = YES;
				ENABLE_PREVIEWS = YES;
				GENERATE_INFOPLIST_FILE = YES;
				INFOPLIST_KEY_NSHumanReadableCopyright = "";
				LD_RUNPATH_SEARCH_PATHS = (
					"$(inherited)",
					"@executable_path/../Frameworks",
				);
				MARKETING_VERSION = 1.0;
				PRODUCT_BUNDLE_IDENTIFIER = com.jueggs.hl7aecg2octave;
				PRODUCT_NAME = "$(TARGET_NAME)";
				SWIFT_EMIT_LOC_STRINGS = YES;
				SWIFT_VERSION = 5.0;
			};
			name = Release;
		};
/* End XCBuildConfiguration section */

/* Begin XCConfigurationList section */
		521B37C528794F62003FEA81 /* Build configuration list for PBXProject "hl7aecg2octave" */ = {
			isa = XCConfigurationList;
			buildConfigurations = (
				521B37D728794F64003FEA81 /* Debug */,
				521B37D828794F64003FEA81 /* Release */,
			);
			defaultConfigurationIsVisible = 0;
			defaultConfigurationName = Release;
		};
		521B37D928794F64003FEA81 /* Build configuration list for PBXNativeTarget "hl7aecg2octave" */ = {
			isa = XCConfigurationList;
			buildConfigurations = (
				521B37DA28794F64003FEA81 /* Debug */,
				521B37DB28794F64003FEA81 /* Release */,
			);
			defaultConfigurationIsVisible = 0;
			defaultConfigurationName = Release;
		};
/* End XCConfigurationList section */
	};
	rootObject = 521B37C228794F62003FEA81 /* Project object */;
}
